
Microsoft Visual Studio Solution File, Format Version 12.00
# Visual Studio Version 16
VisualStudioVersion = 16.0.30717.126
MinimumVisualStudioVersion = 10.0.40219.1
Project("{9A19103F-16F7-4668-BE54-9A1E7A4F7556}") = "BankAccountAPI", "BankAccountAPI\BankAccountAPI.csproj", "{A7CEA189-3325-4AF8-BAB4-03372DF071B0}"
EndProject
Project("{9A19103F-16F7-4668-BE54-9A1E7A4F7556}") = "BankAccountAPI.UnitTests", "BankAccountAPI.UnitTests\BankAccountAPI.UnitTests.csproj", "{8566DFC4-8D41-4DD3-91B7-CA5C6D507B95}"
EndProject
Global
	GlobalSection(SolutionConfigurationPlatforms) = preSolution
		Debug|Any CPU = Debug|Any CPU
		Release|Any CPU = Release|Any CPU
	EndGlobalSection
	GlobalSection(ProjectConfigurationPlatforms) = postSolution
		{A7CEA189-3325-4AF8-BAB4-03372DF071B0}.Debug|Any CPU.ActiveCfg = Debug|Any CPU
		{A7CEA189-3325-4AF8-BAB4-03372DF071B0}.Debug|Any CPU.Build.0 = Debug|Any CPU
		{A7CEA189-3325-4AF8-BAB4-03372DF071B0}.Release|Any CPU.ActiveCfg = Release|Any CPU
		{A7CEA189-3325-4AF8-BAB4-03372DF071B0}.Release|Any CPU.Build.0 = Release|Any CPU
		{8566DFC4-8D41-4DD3-91B7-CA5C6D507B95}.Debug|Any CPU.ActiveCfg = Debug|Any CPU
		{8566DFC4-8D41-4DD3-91B7-CA5C6D507B95}.Debug|Any CPU.Build.0 = Debug|Any CPU
		{8566DFC4-8D41-4DD3-91B7-CA5C6D507B95}.Release|Any CPU.ActiveCfg = Release|Any CPU
		{8566DFC4-8D41-4DD3-91B7-CA5C6D507B95}.Release|Any CPU.Build.0 = Release|Any CPU
	EndGlobalSection
	GlobalSection(SolutionProperties) = preSolution
		HideSolutionNode = FALSE
	EndGlobalSection
	GlobalSection(ExtensibilityGlobals) = postSolution
		SolutionGuid = {B828A23D-857D-4BBA-A99F-109EA00C056A}
	EndGlobalSection
EndGlobal
